{
  "name": "@plasmicapp/isomorphic-unfetch",
  "version": "1.0.1",
  "lockfileVersion": 1,
  "requires": true,
  "dependencies": {
    "node-fetch-cjs": {
      "version": "3.2.10",
      "resolved": "https://registry.npmjs.org/node-fetch-cjs/-/node-fetch-cjs-3.2.10.tgz",
      "integrity": "sha512-YNFkGjcTGGZKvUuYyf6Kv9yQ+UOx1Ce8doWQeqleKL4EWk1s/sYu5AAXtigRlSDpLYGnr0qk1kaADJbgCEFBEw=="
    },
    "unfetch": {
      "version": "4.2.0",
      "resolved": "https://registry.npmjs.org/unfetch/-/unfetch-4.2.0.tgz",
      "integrity": "sha512-F9p7yYCn6cIW9El1zi0HI6vqpeIvBsr3dSuRO6Xuppb1u5rXpCPmMvLSyECLhybr9isec8Ohl0hPekMVrEinDA=="
    }
  }
}
